// !$*UTF8*$!
{
	archiveVersion = 1;
	classes = {
	};
	objectVersion = 55;
	objects = {

/* Begin PBXBuildFile section */
		04072DB62808C88B00CF1A49 /* MainTableViewCell.swift in Sources */ = {isa = PBXBuildFile; fileRef = 04072DB52808C88B00CF1A49 /* MainTableViewCell.swift */; };
		04072DB82808CD9700CF1A49 /* InfoViewController.swift in Sources */ = {isa = PBXBuildFile; fileRef = 04072DB72808CD9700CF1A49 /* InfoViewController.swift */; };
		04093A13280B7E39006F1D3F /* extensionImage.swift in Sources */ = {isa = PBXBuildFile; fileRef = 04093A12280B7E39006F1D3F /* extensionImage.swift */; };
		040DBBB2280ABB3200C2255E /* NetworkManager.swift in Sources */ = {isa = PBXBuildFile; fileRef = 040DBBB1280ABB3200C2255E /* NetworkManager.swift */; };
		040DBBB4280ABF8800C2255E /* CharacterData.swift in Sources */ = {isa = PBXBuildFile; fileRef = 040DBBB3280ABF8800C2255E /* CharacterData.swift */; };
		040DBBB6280AC64000C2255E /* Character.swift in Sources */ = {isa = PBXBuildFile; fileRef = 040DBBB5280AC64000C2255E /* Character.swift */; };
		043A9BE52808BF0E0025C1A0 /* AppDelegate.swift in Sources */ = {isa = PBXBuildFile; fileRef = 043A9BE42808BF0E0025C1A0 /* AppDelegate.swift */; };
		043A9BE72808BF0E0025C1A0 /* SceneDelegate.swift in Sources */ = {isa = PBXBuildFile; fileRef = 043A9BE62808BF0E0025C1A0 /* SceneDelegate.swift */; };
		043A9BE92808BF0E0025C1A0 /* MainViewController.swift in Sources */ = {isa = PBXBuildFile; fileRef = 043A9BE82808BF0E0025C1A0 /* MainViewController.swift */; };
		043A9BEE2808BF0E0025C1A0 /* Assets.xcassets in Resources */ = {isa = PBXBuildFile; fileRef = 043A9BED2808BF0E0025C1A0 /* Assets.xcassets */; };
		043A9BF12808BF0E0025C1A0 /* LaunchScreen.storyboard in Resources */ = {isa = PBXBuildFile; fileRef = 043A9BEF2808BF0E0025C1A0 /* LaunchScreen.storyboard */; };
		043A9BFD2808C2EB0025C1A0 /* extensionView.swift in Sources */ = {isa = PBXBuildFile; fileRef = 043A9BFC2808C2EB0025C1A0 /* extensionView.swift */; };
/* End PBXBuildFile section */

/* Begin PBXFileReference section */
		04072DB52808C88B00CF1A49 /* MainTableViewCell.swift */ = {isa = PBXFileReference; lastKnownFileType = sourcecode.swift; path = MainTableViewCell.swift; sourceTree = "<group>"; };
		04072DB72808CD9700CF1A49 /* InfoViewController.swift */ = {isa = PBXFileReference; lastKnownFileType = sourcecode.swift; path = InfoViewController.swift; sourceTree = "<group>"; };
		04093A12280B7E39006F1D3F /* extensionImage.swift */ = {isa = PBXFileReference; lastKnownFileType = sourcecode.swift; path = extensionImage.swift; sourceTree = "<group>"; };
		040DBBB1280ABB3200C2255E /* NetworkManager.swift */ = {isa = PBXFileReference; lastKnownFileType = sourcecode.swift; path = NetworkManager.swift; sourceTree = "<group>"; };
		040DBBB3280ABF8800C2255E /* CharacterData.swift */ = {isa = PBXFileReference; lastKnownFileType = sourcecode.swift; path = CharacterData.swift; sourceTree = "<group>"; };
		040DBBB5280AC64000C2255E /* Character.swift */ = {isa = PBXFileReference; lastKnownFileType = sourcecode.swift; path = Character.swift; sourceTree = "<group>"; };
		043A9BE12808BF0E0025C1A0 /* RickAndMorty.app */ = {isa = PBXFileReference; explicitFileType = wrapper.application; includeInIndex = 0; path = RickAndMorty.app; sourceTree = BUILT_PRODUCTS_DIR; };
		043A9BE42808BF0E0025C1A0 /* AppDelegate.swift */ = {isa = PBXFileReference; lastKnownFileType = sourcecode.swift; path = AppDelegate.swift; sourceTree = "<group>"; };
		043A9BE62808BF0E0025C1A0 /* SceneDelegate.swift */ = {isa = PBXFileReference; lastKnownFileType = sourcecode.swift; path = SceneDelegate.swift; sourceTree = "<group>"; };
		043A9BE82808BF0E0025C1A0 /* MainViewController.swift */ = {isa = PBXFileReference; lastKnownFileType = sourcecode.swift; path = MainViewController.swift; sourceTree = "<group>"; };
		043A9BED2808BF0E0025C1A0 /* Assets.xcassets */ = {isa = PBXFileReference; lastKnownFileType = folder.assetcatalog; path = Assets.xcassets; sourceTree = "<group>"; };
		043A9BF02808BF0E0025C1A0 /* Base */ = {isa = PBXFileReference; lastKnownFileType = file.storyboard; name = Base; path = Base.lproj/LaunchScreen.storyboard; sourceTree = "<group>"; };
		043A9BF22808BF0E0025C1A0 /* Info.plist */ = {isa = PBXFileReference; lastKnownFileType = text.plist.xml; path = Info.plist; sourceTree = "<group>"; };
		043A9BFC2808C2EB0025C1A0 /* extensionView.swift */ = {isa = PBXFileReference; lastKnownFileType = sourcecode.swift; path = extensionView.swift; sourceTree = "<group>"; };
/* End PBXFileReference section */

/* Begin PBXFrameworksBuildPhase section */
		043A9BDE2808BF0E0025C1A0 /* Frameworks */ = {
			isa = PBXFrameworksBuildPhase;
			buildActionMask = 2147483647;
			files = (
			);
			runOnlyForDeploymentPostprocessing = 0;
		};
/* End PBXFrameworksBuildPhase section */

/* Begin PBXGroup section */
		043A9BD82808BF0E0025C1A0 = {
			isa = PBXGroup;
			children = (
				043A9BE32808BF0E0025C1A0 /* RickAndMorty */,
				043A9BE22808BF0E0025C1A0 /* Products */,
			);
			sourceTree = "<group>";
		};
		043A9BE22808BF0E0025C1A0 /* Products */ = {
			isa = PBXGroup;
			children = (
				043A9BE12808BF0E0025C1A0 /* RickAndMorty.app */,
			);
			name = Products;
			sourceTree = "<group>";
		};
		043A9BE32808BF0E0025C1A0 /* RickAndMorty */ = {
			isa = PBXGroup;
			children = (
				04CFBDB32809DC060049AB37 /* Models */,
				043A9BFB2808C2A20025C1A0 /* Views */,
				043A9BFA2808C27A0025C1A0 /* Assistants */,
				043A9BF82808C1050025C1A0 /* Supporting Files */,
				043A9BF92808C2410025C1A0 /* Resources */,
			);
			path = RickAndMorty;
			sourceTree = "<group>";
		};
		043A9BF82808C1050025C1A0 /* Supporting Files */ = {
			isa = PBXGroup;
			children = (
				043A9BE42808BF0E0025C1A0 /* AppDelegate.swift */,
				043A9BE62808BF0E0025C1A0 /* SceneDelegate.swift */,
				043A9BEF2808BF0E0025C1A0 /* LaunchScreen.storyboard */,
				043A9BF22808BF0E0025C1A0 /* Info.plist */,
			);
			path = "Supporting Files";
			sourceTree = "<group>";
		};
		043A9BF92808C2410025C1A0 /* Resources */ = {
			isa = PBXGroup;
			children = (
				043A9BED2808BF0E0025C1A0 /* Assets.xcassets */,
			);
			path = Resources;
			sourceTree = "<group>";
		};
		043A9BFA2808C27A0025C1A0 /* Assistants */ = {
			isa = PBXGroup;
			children = (
				043A9BFC2808C2EB0025C1A0 /* extensionView.swift */,
				04093A12280B7E39006F1D3F /* extensionImage.swift */,
			);
			path = Assistants;
			sourceTree = "<group>";
		};
		043A9BFB2808C2A20025C1A0 /* Views */ = {
			isa = PBXGroup;
			children = (
				043A9BE82808BF0E0025C1A0 /* MainViewController.swift */,
				04072DB52808C88B00CF1A49 /* MainTableViewCell.swift */,
				04072DB72808CD9700CF1A49 /* InfoViewController.swift */,
			);
			path = Views;
			sourceTree = "<group>";
		};
		04CFBDB32809DC060049AB37 /* Models */ = {
			isa = PBXGroup;
			children = (
				040DBBB1280ABB3200C2255E /* NetworkManager.swift */,
				040DBBB3280ABF8800C2255E /* CharacterData.swift */,
				040DBBB5280AC64000C2255E /* Character.swift */,
			);
			path = Models;
			sourceTree = "<group>";
		};
/* End PBXGroup section */

/* Begin PBXNativeTarget section */
		043A9BE02808BF0E0025C1A0 /* RickAndMorty */ = {
			isa = PBXNativeTarget;
			buildConfigurationList = 043A9BF52808BF0E0025C1A0 /* Build configuration list for PBXNativeTarget "RickAndMorty" */;
			buildPhases = (
				043A9BDD2808BF0E0025C1A0 /* Sources */,
				043A9BDE2808BF0E0025C1A0 /* Frameworks */,
				043A9BDF2808BF0E0025C1A0 /* Resources */,
			);
			buildRules = (
			);
			dependencies = (
			);
			name = RickAndMorty;
			productName = RickAndMorty;
			productReference = 043A9BE12808BF0E0025C1A0 /* RickAndMorty.app */;
			productType = "com.apple.product-type.application";
		};
/* End PBXNativeTarget section */

/* Begin PBXProject section */
		043A9BD92808BF0E0025C1A0 /* Project object */ = {
			isa = PBXProject;
			attributes = {
				BuildIndependentTargetsInParallel = 1;
				LastSwiftUpdateCheck = 1320;
				LastUpgradeCheck = 1320;
				TargetAttributes = {
					043A9BE02808BF0E0025C1A0 = {
						CreatedOnToolsVersion = 13.2;
					};
				};
			};
			buildConfigurationList = 043A9BDC2808BF0E0025C1A0 /* Build configuration list for PBXProject "RickAndMorty" */;
			compatibilityVersion = "Xcode 13.0";
			developmentRegion = en;
			hasScannedForEncodings = 0;
			knownRegions = (
				en,
				Base,
			);
			mainGroup = 043A9BD82808BF0E0025C1A0;
			productRefGroup = 043A9BE22808BF0E0025C1A0 /* Products */;
			projectDirPath = "";
			projectRoot = "";
			targets = (
				043A9BE02808BF0E0025C1A0 /* RickAndMorty */,
			);
		};
/* End PBXProject section */

/* Begin PBXResourcesBuildPhase section */
		043A9BDF2808BF0E0025C1A0 /* Resources */ = {
			isa = PBXResourcesBuildPhase;
			buildActionMask = 2147483647;
			files = (
				043A9BF12808BF0E0025C1A0 /* LaunchScreen.storyboard in Resources */,
				043A9BEE2808BF0E0025C1A0 /* Assets.xcassets in Resources */,
			);
			runOnlyForDeploymentPostprocessing = 0;
		};
/* End PBXResourcesBuildPhase section */

/* Begin PBXSourcesBuildPhase section */
		043A9BDD2808BF0E0025C1A0 /* Sources */ = {
			isa = PBXSourcesBuildPhase;
			buildActionMask = 2147483647;
			files = (
				040DBBB6280AC64000C2255E /* Character.swift in Sources */,
				043A9BE92808BF0E0025C1A0 /* MainViewController.swift in Sources */,
				043A9BE52808BF0E0025C1A0 /* AppDelegate.swift in Sources */,
				04093A13280B7E39006F1D3F /* extensionImage.swift in Sources */,
				043A9BFD2808C2EB0025C1A0 /* extensionView.swift in Sources */,
				040DBBB2280ABB3200C2255E /* NetworkManager.swift in Sources */,
				043A9BE72808BF0E0025C1A0 /* SceneDelegate.swift in Sources */,
				040DBBB4280ABF8800C2255E /* CharacterData.swift in Sources */,
				04072DB82808CD9700CF1A49 /* InfoViewController.swift in Sources */,
				04072DB62808C88B00CF1A49 /* MainTableViewCell.swift in Sources */,
			);
			runOnlyForDeploymentPostprocessing = 0;
		};
/* End PBXSourcesBuildPhase section */

/* Begin PBXVariantGroup section */
		043A9BEF2808BF0E0025C1A0 /* LaunchScreen.storyboard */ = {
			isa = PBXVariantGroup;
			children = (
				043A9BF02808BF0E0025C1A0 /* Base */,
			);
			name = LaunchScreen.storyboard;
			sourceTree = "<group>";
		};
/* End PBXVariantGroup section */

/* Begin XCBuildConfiguration section */
		043A9BF32808BF0E0025C1A0 /* Debug */ = {
			isa = XCBuildConfiguration;
			buildSettings = {
				ALWAYS_SEARCH_USER_PATHS = NO;
				CLANG_ANALYZER_NONNULL = YES;
				CLANG_ANALYZER_NUMBER_OBJECT_CONVERSION = YES_AGGRESSIVE;
				CLANG_CXX_LANGUAGE_STANDARD = "gnu++17";
				CLANG_CXX_LIBRARY = "libc++";
				CLANG_ENABLE_MODULES = YES;
				CLANG_ENABLE_OBJC_ARC = YES;
				CLANG_ENABLE_OBJC_WEAK = YES;
				CLANG_WARN_BLOCK_CAPTURE_AUTORELEASING = YES;
				CLANG_WARN_BOOL_CONVERSION = YES;
				CLANG_WARN_COMMA = YES;
				CLANG_WARN_CONSTANT_CONVERSION = YES;
				CLANG_WARN_DEPRECATED_OBJC_IMPLEMENTATIONS = YES;
				CLANG_WARN_DIRECT_OBJC_ISA_USAGE = YES_ERROR;
				CLANG_WARN_DOCUMENTATION_COMMENTS = YES;
				CLANG_WARN_EMPTY_BODY = YES;
				CLANG_WARN_ENUM_CONVERSION = YES;
				CLANG_WARN_INFINITE_RECURSION = YES;
				CLANG_WARN_INT_CONVERSION = YES;
				CLANG_WARN_NON_LITERAL_NULL_CONVERSION = YES;
				CLANG_WARN_OBJC_IMPLICIT_RETAIN_SELF = YES;
				CLANG_WARN_OBJC_LITERAL_CONVERSION = YES;
				CLANG_WARN_OBJC_ROOT_CLASS = YES_ERROR;
				CLANG_WARN_QUOTED_INCLUDE_IN_FRAMEWORK_HEADER = YES;
				CLANG_WARN_RANGE_LOOP_ANALYSIS = YES;
				CLANG_WARN_STRICT_PROTOTYPES = YES;
				CLANG_WARN_SUSPICIOUS_MOVE = YES;
				CLANG_WARN_UNGUARDED_AVAILABILITY = YES_AGGRESSIVE;
				CLANG_WARN_UNREACHABLE_CODE = YES;
				CLANG_WARN__DUPLICATE_METHOD_MATCH = YES;
				COPY_PHASE_STRIP = NO;
				DEBUG_INFORMATION_FORMAT = dwarf;
				ENABLE_STRICT_OBJC_MSGSEND = YES;
				ENABLE_TESTABILITY = YES;
				GCC_C_LANGUAGE_STANDARD = gnu11;
				GCC_DYNAMIC_NO_PIC = NO;
				GCC_NO_COMMON_BLOCKS = YES;
				GCC_OPTIMIZATION_LEVEL = 0;
				GCC_PREPROCESSOR_DEFINITIONS = (
					"DEBUG=1",
					"$(inherited)",
				);
				GCC_WARN_64_TO_32_BIT_CONVERSION = YES;
				GCC_WARN_ABOUT_RETURN_TYPE = YES_ERROR;
				GCC_WARN_UNDECLARED_SELECTOR = YES;
				GCC_WARN_UNINITIALIZED_AUTOS = YES_AGGRESSIVE;
				GCC_WARN_UNUSED_FUNCTION = YES;
				GCC_WARN_UNUSED_VARIABLE = YES;
				IPHONEOS_DEPLOYMENT_TARGET = 15.2;
				MTL_ENABLE_DEBUG_INFO = INCLUDE_SOURCE;
				MTL_FAST_MATH = YES;
				ONLY_ACTIVE_ARCH = YES;
				SDKROOT = iphoneos;
				SWIFT_ACTIVE_COMPILATION_CONDITIONS = DEBUG;
				SWIFT_OPTIMIZATION_LEVEL = "-Onone";
			};
			name = Debug;
		};
		043A9BF42808BF0E0025C1A0 /* Release */ = {
			isa = XCBuildConfiguration;
			buildSettings = {
				ALWAYS_SEARCH_USER_PATHS = NO;
				CLANG_ANALYZER_NONNULL = YES;
				CLANG_ANALYZER_NUMBER_OBJECT_CONVERSION = YES_AGGRESSIVE;
				CLANG_CXX_LANGUAGE_STANDARD = "gnu++17";
				CLANG_CXX_LIBRARY = "libc++";
				CLANG_ENABLE_MODULES = YES;
				CLANG_ENABLE_OBJC_ARC = YES;
				CLANG_ENABLE_OBJC_WEAK = YES;
				CLANG_WARN_BLOCK_CAPTURE_AUTORELEASING = YES;
				CLANG_WARN_BOOL_CONVERSION = YES;
				CLANG_WARN_COMMA = YES;
				CLANG_WARN_CONSTANT_CONVERSION = YES;
				CLANG_WARN_DEPRECATED_OBJC_IMPLEMENTATIONS = YES;
				CLANG_WARN_DIRECT_OBJC_ISA_USAGE = YES_ERROR;
				CLANG_WARN_DOCUMENTATION_COMMENTS = YES;
				CLANG_WARN_EMPTY_BODY = YES;
				CLANG_WARN_ENUM_CONVERSION = YES;
				CLANG_WARN_INFINITE_RECURSION = YES;
				CLANG_WARN_INT_CONVERSION = YES;
				CLANG_WARN_NON_LITERAL_NULL_CONVERSION = YES;
				CLANG_WARN_OBJC_IMPLICIT_RETAIN_SELF = YES;
				CLANG_WARN_OBJC_LITERAL_CONVERSION = YES;
				CLANG_WARN_OBJC_ROOT_CLASS = YES_ERROR;
				CLANG_WARN_QUOTED_INCLUDE_IN_FRAMEWORK_HEADER = YES;
				CLANG_WARN_RANGE_LOOP_ANALYSIS = YES;
				CLANG_WARN_STRICT_PROTOTYPES = YES;
				CLANG_WARN_SUSPICIOUS_MOVE = YES;
				CLANG_WARN_UNGUARDED_AVAILABILITY = YES_AGGRESSIVE;
				CLANG_WARN_UNREACHABLE_CODE = YES;
				CLANG_WARN__DUPLICATE_METHOD_MATCH = YES;
				COPY_PHASE_STRIP = NO;
				DEBUG_INFORMATION_FORMAT = "dwarf-with-dsym";
				ENABLE_NS_ASSERTIONS = NO;
				ENABLE_STRICT_OBJC_MSGSEND = YES;
				GCC_C_LANGUAGE_STANDARD = gnu11;
				GCC_NO_COMMON_BLOCKS = YES;
				GCC_WARN_64_TO_32_BIT_CONVERSION = YES;
				GCC_WARN_ABOUT_RETURN_TYPE = YES_ERROR;
				GCC_WARN_UNDECLARED_SELECTOR = YES;
				GCC_WARN_UNINITIALIZED_AUTOS = YES_AGGRESSIVE;
				GCC_WARN_UNUSED_FUNCTION = YES;
				GCC_WARN_UNUSED_VARIABLE = YES;
				IPHONEOS_DEPLOYMENT_TARGET = 15.2;
				MTL_ENABLE_DEBUG_INFO = NO;
				MTL_FAST_MATH = YES;
				SDKROOT = iphoneos;
				SWIFT_COMPILATION_MODE = wholemodule;
				SWIFT_OPTIMIZATION_LEVEL = "-O";
				VALIDATE_PRODUCT = YES;
			};
			name = Release;
		};
		043A9BF62808BF0E0025C1A0 /* Debug */ = {
			isa = XCBuildConfiguration;
			buildSettings = {
				ASSETCATALOG_COMPILER_APPICON_NAME = AppIcon;
				ASSETCATALOG_COMPILER_GLOBAL_ACCENT_COLOR_NAME = AccentColor;
				CODE_SIGN_STYLE = Automatic;
				CURRENT_PROJECT_VERSION = 1;
				GENERATE_INFOPLIST_FILE = YES;
				INFOPLIST_FILE = "RickAndMorty/Supporting Files/Info.plist";
				INFOPLIST_KEY_UIApplicationSupportsIndirectInputEvents = YES;
				INFOPLIST_KEY_UILaunchStoryboardName = LaunchScreen;
				INFOPLIST_KEY_UISupportedInterfaceOrientations_iPad = "UIInterfaceOrientationPortrait UIInterfaceOrientationPortraitUpsideDown UIInterfaceOrientationLandscapeLeft UIInterfaceOrientationLandscapeRight";
				INFOPLIST_KEY_UISupportedInterfaceOrientations_iPhone = "UIInterfaceOrientationPortrait UIInterfaceOrientationLandscapeLeft UIInterfaceOrientationLandscapeRight";
				LD_RUNPATH_SEARCH_PATHS = (
					"$(inherited)",
					"@executable_path/Frameworks",
				);
				MARKETING_VERSION = 1.0;
				PRODUCT_BUNDLE_IDENTIFIER = Trofimova.RickAndMorty;
				PRODUCT_NAME = "$(TARGET_NAME)";
				SWIFT_EMIT_LOC_STRINGS = YES;
				SWIFT_VERSION = 5.0;
				TARGETED_DEVICE_FAMILY = 1;
			};
			name = Debug;
		};
		043A9BF72808BF0E0025C1A0 /* Release */ = {
			isa = XCBuildConfiguration;
			buildSettings = {
				ASSETCATALOG_COMPILER_APPICON_NAME = AppIcon;
				ASSETCATALOG_COMPILER_GLOBAL_ACCENT_COLOR_NAME = AccentColor;
				CODE_SIGN_STYLE = Automatic;
				CURRENT_PROJECT_VERSION = 1;
				GENERATE_INFOPLIST_FILE = YES;
				INFOPLIST_FILE = "RickAndMorty/Supporting Files/Info.plist";
				INFOPLIST_KEY_UIApplicationSupportsIndirectInputEvents = YES;
				INFOPLIST_KEY_UILaunchStoryboardName = LaunchScreen;
				INFOPLIST_KEY_UISupportedInterfaceOrientations_iPad = "UIInterfaceOrientationPortrait UIInterfaceOrientationPortraitUpsideDown UIInterfaceOrientationLandscapeLeft UIInterfaceOrientationLandscapeRight";
				INFOPLIST_KEY_UISupportedInterfaceOrientations_iPhone = "UIInterfaceOrientationPortrait UIInterfaceOrientationLandscapeLeft UIInterfaceOrientationLandscapeRight";
				LD_RUNPATH_SEARCH_PATHS = (
					"$(inherited)",
					"@executable_path/Frameworks",
				);
				MARKETING_VERSION = 1.0;
				PRODUCT_BUNDLE_IDENTIFIER = Trofimova.RickAndMorty;
				PRODUCT_NAME = "$(TARGET_NAME)";
				SWIFT_EMIT_LOC_STRINGS = YES;
				SWIFT_VERSION = 5.0;
				TARGETED_DEVICE_FAMILY = 1;
			};
			name = Release;
		};
/* End XCBuildConfiguration section */

/* Begin XCConfigurationList section */
		043A9BDC2808BF0E0025C1A0 /* Build configuration list for PBXProject "RickAndMorty" */ = {
			isa = XCConfigurationList;
			buildConfigurations = (
				043A9BF32808BF0E0025C1A0 /* Debug */,
				043A9BF42808BF0E0025C1A0 /* Release */,
			);
			defaultConfigurationIsVisible = 0;
			defaultConfigurationName = Release;
		};
		043A9BF52808BF0E0025C1A0 /* Build configuration list for PBXNativeTarget "RickAndMorty" */ = {
			isa = XCConfigurationList;
			buildConfigurations = (
				043A9BF62808BF0E0025C1A0 /* Debug */,
				043A9BF72808BF0E0025C1A0 /* Release */,
			);
			defaultConfigurationIsVisible = 0;
			defaultConfigurationName = Release;
		};
/* End XCConfigurationList section */
	};
	rootObject = 043A9BD92808BF0E0025C1A0 /* Project object */;
}
